
Microsoft Visual Studio Solution File, Format Version 12.00
Project("{FAE04EC0-301F-11D3-BF4B-00C04F79EFBC}") = "TeamHost", "TeamHost\TeamHost.csproj", "{F4952372-64F7-4B44-9713-BAA084929DA9}"
EndProject
Project("{2150E333-8FDC-42A3-9474-1A3956D46DE8}") = "Core", "Core", "{6F22B5BB-748B-4745-ADE4-2692B1CA3E6D}"
EndProject
Project("{2150E333-8FDC-42A3-9474-1A3956D46DE8}") = "Infrastructure", "Infrastructure", "{01AB48DC-4A3F-4EF9-89DB-CF8718A64B55}"
EndProject
Project("{2150E333-8FDC-42A3-9474-1A3956D46DE8}") = "Presentation", "Presentation", "{6F53325F-03A3-43A4-AAEF-858F60AA1FC9}"
EndProject
Project("{FAE04EC0-301F-11D3-BF4B-00C04F79EFBC}") = "TeamHost.Domain", "TeamHost.Domain\TeamHost.Domain.csproj", "{F30BBA95-F2B4-431B-8CFE-228EC2A59C65}"
EndProject
Project("{FAE04EC0-301F-11D3-BF4B-00C04F79EFBC}") = "TeamHost.Infrastructure", "TeamHost.Infrastructure\TeamHost.Infrastructure.csproj", "{8AC037ED-D999-41B4-821F-DDDD32937CE8}"
EndProject
Project("{FAE04EC0-301F-11D3-BF4B-00C04F79EFBC}") = "TeamHost.Persistance", "TeamHost.Persistance\TeamHost.Persistance.csproj", "{E27BE1C2-FFA3-4539-980B-B47F17AC265E}"
EndProject
Project("{2150E333-8FDC-42A3-9474-1A3956D46DE8}") = "Shared", "Shared", "{A9C641DA-F296-48FD-8E7B-12CA4D4DC0F9}"
EndProject
Project("{FAE04EC0-301F-11D3-BF4B-00C04F79EFBC}") = "TeamHost.Shared", "TeamHost.Shared\TeamHost.Shared.csproj", "{17FAF47B-05CB-4241-AFD2-0C33CFC892A6}"
EndProject
Project("{FAE04EC0-301F-11D3-BF4B-00C04F79EFBC}") = "TeamHost2.Application", "TeamHost2.Application\TeamHost2.Application.csproj", "{CF60BC0E-4906-47A0-9A64-FC2B167C5EF5}"
EndProject
Global
	GlobalSection(SolutionConfigurationPlatforms) = preSolution
		Debug|Any CPU = Debug|Any CPU
		Release|Any CPU = Release|Any CPU
	EndGlobalSection
	GlobalSection(ProjectConfigurationPlatforms) = postSolution
		{F4952372-64F7-4B44-9713-BAA084929DA9}.Debug|Any CPU.ActiveCfg = Debug|Any CPU
		{F4952372-64F7-4B44-9713-BAA084929DA9}.Debug|Any CPU.Build.0 = Debug|Any CPU
		{F4952372-64F7-4B44-9713-BAA084929DA9}.Release|Any CPU.ActiveCfg = Release|Any CPU
		{F4952372-64F7-4B44-9713-BAA084929DA9}.Release|Any CPU.Build.0 = Release|Any CPU
		{F30BBA95-F2B4-431B-8CFE-228EC2A59C65}.Debug|Any CPU.ActiveCfg = Debug|Any CPU
		{F30BBA95-F2B4-431B-8CFE-228EC2A59C65}.Debug|Any CPU.Build.0 = Debug|Any CPU
		{F30BBA95-F2B4-431B-8CFE-228EC2A59C65}.Release|Any CPU.ActiveCfg = Release|Any CPU
		{F30BBA95-F2B4-431B-8CFE-228EC2A59C65}.Release|Any CPU.Build.0 = Release|Any CPU
		{8AC037ED-D999-41B4-821F-DDDD32937CE8}.Debug|Any CPU.ActiveCfg = Debug|Any CPU
		{8AC037ED-D999-41B4-821F-DDDD32937CE8}.Debug|Any CPU.Build.0 = Debug|Any CPU
		{8AC037ED-D999-41B4-821F-DDDD32937CE8}.Release|Any CPU.ActiveCfg = Release|Any CPU
		{8AC037ED-D999-41B4-821F-DDDD32937CE8}.Release|Any CPU.Build.0 = Release|Any CPU
		{E27BE1C2-FFA3-4539-980B-B47F17AC265E}.Debug|Any CPU.ActiveCfg = Debug|Any CPU
		{E27BE1C2-FFA3-4539-980B-B47F17AC265E}.Debug|Any CPU.Build.0 = Debug|Any CPU
		{E27BE1C2-FFA3-4539-980B-B47F17AC265E}.Release|Any CPU.ActiveCfg = Release|Any CPU
		{E27BE1C2-FFA3-4539-980B-B47F17AC265E}.Release|Any CPU.Build.0 = Release|Any CPU
		{17FAF47B-05CB-4241-AFD2-0C33CFC892A6}.Debug|Any CPU.ActiveCfg = Debug|Any CPU
		{17FAF47B-05CB-4241-AFD2-0C33CFC892A6}.Debug|Any CPU.Build.0 = Debug|Any CPU
		{17FAF47B-05CB-4241-AFD2-0C33CFC892A6}.Release|Any CPU.ActiveCfg = Release|Any CPU
		{17FAF47B-05CB-4241-AFD2-0C33CFC892A6}.Release|Any CPU.Build.0 = Release|Any CPU
		{CF60BC0E-4906-47A0-9A64-FC2B167C5EF5}.Debug|Any CPU.ActiveCfg = Debug|Any CPU
		{CF60BC0E-4906-47A0-9A64-FC2B167C5EF5}.Debug|Any CPU.Build.0 = Debug|Any CPU
		{CF60BC0E-4906-47A0-9A64-FC2B167C5EF5}.Release|Any CPU.ActiveCfg = Release|Any CPU
		{CF60BC0E-4906-47A0-9A64-FC2B167C5EF5}.Release|Any CPU.Build.0 = Release|Any CPU
	EndGlobalSection
	GlobalSection(NestedProjects) = preSolution
		{F4952372-64F7-4B44-9713-BAA084929DA9} = {6F53325F-03A3-43A4-AAEF-858F60AA1FC9}
		{F30BBA95-F2B4-431B-8CFE-228EC2A59C65} = {6F22B5BB-748B-4745-ADE4-2692B1CA3E6D}
		{8AC037ED-D999-41B4-821F-DDDD32937CE8} = {01AB48DC-4A3F-4EF9-89DB-CF8718A64B55}
		{E27BE1C2-FFA3-4539-980B-B47F17AC265E} = {01AB48DC-4A3F-4EF9-89DB-CF8718A64B55}
		{17FAF47B-05CB-4241-AFD2-0C33CFC892A6} = {A9C641DA-F296-48FD-8E7B-12CA4D4DC0F9}
		{CF60BC0E-4906-47A0-9A64-FC2B167C5EF5} = {6F22B5BB-748B-4745-ADE4-2692B1CA3E6D}
	EndGlobalSection
EndGlobal
