
Microsoft Visual Studio Solution File, Format Version 12.00
Project("{FAE04EC0-301F-11D3-BF4B-00C04F79EFBC}") = "ConsoleApp1", "ConsoleApp1\ConsoleApp1.csproj", "{EFCC41AC-C397-43F3-9903-9514F7EAF4B5}"
EndProject
Project("{2150E333-8FDC-42A3-9474-1A3956D46DE8}") = "Chapter_2", "Chapter_2", "{4895B646-1E57-4608-B307-D9294DD65ECA}"
EndProject
Project("{2150E333-8FDC-42A3-9474-1A3956D46DE8}") = "Theme_1", "Theme_1", "{EC901678-F2E8-46C4-8CF8-AAF51BE9B1A2}"
EndProject
Project("{FAE04EC0-301F-11D3-BF4B-00C04F79EFBC}") = "Example_1-1", "Example_1-1\Example_1-1.csproj", "{E5863D89-72D6-4304-9D12-B1DF5BE80330}"
EndProject
Project("{2150E333-8FDC-42A3-9474-1A3956D46DE8}") = "Theme_2", "Theme_2", "{E2C39923-8949-434A-91E9-0133F4334427}"
EndProject
Project("{FAE04EC0-301F-11D3-BF4B-00C04F79EFBC}") = "Example_2-1", "Example_2-1\Example_2-1.csproj", "{EDE8C5CD-CE16-4A90-B699-E4C2C0F420E7}"
EndProject
Project("{2150E333-8FDC-42A3-9474-1A3956D46DE8}") = "Theme_3", "Theme_3", "{126E8E5B-D5F5-4054-AFE7-DB66622A0C09}"
EndProject
Project("{FAE04EC0-301F-11D3-BF4B-00C04F79EFBC}") = "Example_3-1", "Example_3-1\Example_3-1.csproj", "{427A9F29-CAA4-493E-AFB7-DB0BC050E7DD}"
EndProject
Project("{2150E333-8FDC-42A3-9474-1A3956D46DE8}") = "Theme_4", "Theme_4", "{E27BEE24-38EE-476E-B6E0-1E94547CFF68}"
EndProject
Project("{FAE04EC0-301F-11D3-BF4B-00C04F79EFBC}") = "Exaxmple_4-1", "Exaxmple_4-1\Exaxmple_4-1.csproj", "{3EF73EDC-472C-4C7C-9C1F-5A02F326ABD4}"
EndProject
Project("{2150E333-8FDC-42A3-9474-1A3956D46DE8}") = "Theme_5", "Theme_5", "{95BD46A0-D36D-4810-9C63-C517BA147B54}"
EndProject
Project("{FAE04EC0-301F-11D3-BF4B-00C04F79EFBC}") = "Example_5-1", "Example_5-1\Example_5-1.csproj", "{F0EE79B2-1761-416D-9477-46E03D725FDA}"
EndProject
Project("{FAE04EC0-301F-11D3-BF4B-00C04F79EFBC}") = "Example_5-2", "Example_5-2\Example_5-2.csproj", "{F53538E7-CA78-414C-B37B-9BF73615A5CE}"
EndProject
Project("{FAE04EC0-301F-11D3-BF4B-00C04F79EFBC}") = "Example_5-3", "Example_5-3\Example_5-3.csproj", "{9E32AD1A-298D-4FCD-A300-A5B2EEBDBD3D}"
EndProject
Project("{2150E333-8FDC-42A3-9474-1A3956D46DE8}") = "Theme_6", "Theme_6", "{9E5BD5F1-C91A-4685-954E-84BE520D8722}"
EndProject
Project("{FAE04EC0-301F-11D3-BF4B-00C04F79EFBC}") = "Example_6-2", "Example_6-2\Example_6-2.csproj", "{ED321410-9AD9-4B8B-A4FD-F0F7A78FE641}"
EndProject
Project("{FAE04EC0-301F-11D3-BF4B-00C04F79EFBC}") = "Example_6-1", "Example_6-1\Example_6-1.csproj", "{0D960843-60F2-4D2A-9F81-8744910780E8}"
EndProject
Project("{2150E333-8FDC-42A3-9474-1A3956D46DE8}") = "Theme_7", "Theme_7", "{9CEE7910-F771-4D1A-AAAC-737B370AF59B}"
EndProject
Project("{FAE04EC0-301F-11D3-BF4B-00C04F79EFBC}") = "Example_7-1", "Example_7-1\Example_7-1.csproj", "{70ECEE69-CFAA-4467-AA49-316050ACB1C3}"
EndProject
Project("{2150E333-8FDC-42A3-9474-1A3956D46DE8}") = "Theme_8", "Theme_8", "{68B94672-EFEB-4D45-928A-7B10441F766A}"
EndProject
Project("{FAE04EC0-301F-11D3-BF4B-00C04F79EFBC}") = "Example_8-1", "Example_8-1\Example_8-1.csproj", "{D93C2BD8-BF06-4F8A-BE74-466E142250A9}"
EndProject
Project("{2150E333-8FDC-42A3-9474-1A3956D46DE8}") = "Theme_9", "Theme_9", "{C588D60A-230D-4077-82B1-560F583739B4}"
EndProject
Project("{FAE04EC0-301F-11D3-BF4B-00C04F79EFBC}") = "Example_9-1", "Example_9-1\Example_9-1.csproj", "{00B19354-2B64-4D2F-AA3F-B93C3E3447AC}"
EndProject
Project("{2150E333-8FDC-42A3-9474-1A3956D46DE8}") = "Theme_10", "Theme_10", "{54785516-BA38-44A3-AB83-E2372115CF3C}"
EndProject
Project("{FAE04EC0-301F-11D3-BF4B-00C04F79EFBC}") = "Example_10-1", "Example_10-1\Example_10-1.csproj", "{FF6D6EF7-0D01-4CF9-9703-947867F4DCF7}"
EndProject
Global
	GlobalSection(SolutionConfigurationPlatforms) = preSolution
		Debug|Any CPU = Debug|Any CPU
		Release|Any CPU = Release|Any CPU
	EndGlobalSection
	GlobalSection(ProjectConfigurationPlatforms) = postSolution
		{EFCC41AC-C397-43F3-9903-9514F7EAF4B5}.Debug|Any CPU.ActiveCfg = Debug|Any CPU
		{EFCC41AC-C397-43F3-9903-9514F7EAF4B5}.Debug|Any CPU.Build.0 = Debug|Any CPU
		{EFCC41AC-C397-43F3-9903-9514F7EAF4B5}.Release|Any CPU.ActiveCfg = Release|Any CPU
		{EFCC41AC-C397-43F3-9903-9514F7EAF4B5}.Release|Any CPU.Build.0 = Release|Any CPU
		{E5863D89-72D6-4304-9D12-B1DF5BE80330}.Debug|Any CPU.ActiveCfg = Debug|Any CPU
		{E5863D89-72D6-4304-9D12-B1DF5BE80330}.Debug|Any CPU.Build.0 = Debug|Any CPU
		{E5863D89-72D6-4304-9D12-B1DF5BE80330}.Release|Any CPU.ActiveCfg = Release|Any CPU
		{E5863D89-72D6-4304-9D12-B1DF5BE80330}.Release|Any CPU.Build.0 = Release|Any CPU
		{EDE8C5CD-CE16-4A90-B699-E4C2C0F420E7}.Debug|Any CPU.ActiveCfg = Debug|Any CPU
		{EDE8C5CD-CE16-4A90-B699-E4C2C0F420E7}.Debug|Any CPU.Build.0 = Debug|Any CPU
		{EDE8C5CD-CE16-4A90-B699-E4C2C0F420E7}.Release|Any CPU.ActiveCfg = Release|Any CPU
		{EDE8C5CD-CE16-4A90-B699-E4C2C0F420E7}.Release|Any CPU.Build.0 = Release|Any CPU
		{427A9F29-CAA4-493E-AFB7-DB0BC050E7DD}.Debug|Any CPU.ActiveCfg = Debug|Any CPU
		{427A9F29-CAA4-493E-AFB7-DB0BC050E7DD}.Debug|Any CPU.Build.0 = Debug|Any CPU
		{427A9F29-CAA4-493E-AFB7-DB0BC050E7DD}.Release|Any CPU.ActiveCfg = Release|Any CPU
		{427A9F29-CAA4-493E-AFB7-DB0BC050E7DD}.Release|Any CPU.Build.0 = Release|Any CPU
		{3EF73EDC-472C-4C7C-9C1F-5A02F326ABD4}.Debug|Any CPU.ActiveCfg = Debug|Any CPU
		{3EF73EDC-472C-4C7C-9C1F-5A02F326ABD4}.Debug|Any CPU.Build.0 = Debug|Any CPU
		{3EF73EDC-472C-4C7C-9C1F-5A02F326ABD4}.Release|Any CPU.ActiveCfg = Release|Any CPU
		{3EF73EDC-472C-4C7C-9C1F-5A02F326ABD4}.Release|Any CPU.Build.0 = Release|Any CPU
		{F0EE79B2-1761-416D-9477-46E03D725FDA}.Debug|Any CPU.ActiveCfg = Debug|Any CPU
		{F0EE79B2-1761-416D-9477-46E03D725FDA}.Debug|Any CPU.Build.0 = Debug|Any CPU
		{F0EE79B2-1761-416D-9477-46E03D725FDA}.Release|Any CPU.ActiveCfg = Release|Any CPU
		{F0EE79B2-1761-416D-9477-46E03D725FDA}.Release|Any CPU.Build.0 = Release|Any CPU
		{F53538E7-CA78-414C-B37B-9BF73615A5CE}.Debug|Any CPU.ActiveCfg = Debug|Any CPU
		{F53538E7-CA78-414C-B37B-9BF73615A5CE}.Debug|Any CPU.Build.0 = Debug|Any CPU
		{F53538E7-CA78-414C-B37B-9BF73615A5CE}.Release|Any CPU.ActiveCfg = Release|Any CPU
		{F53538E7-CA78-414C-B37B-9BF73615A5CE}.Release|Any CPU.Build.0 = Release|Any CPU
		{9E32AD1A-298D-4FCD-A300-A5B2EEBDBD3D}.Debug|Any CPU.ActiveCfg = Debug|Any CPU
		{9E32AD1A-298D-4FCD-A300-A5B2EEBDBD3D}.Debug|Any CPU.Build.0 = Debug|Any CPU
		{9E32AD1A-298D-4FCD-A300-A5B2EEBDBD3D}.Release|Any CPU.ActiveCfg = Release|Any CPU
		{9E32AD1A-298D-4FCD-A300-A5B2EEBDBD3D}.Release|Any CPU.Build.0 = Release|Any CPU
		{ED321410-9AD9-4B8B-A4FD-F0F7A78FE641}.Debug|Any CPU.ActiveCfg = Debug|Any CPU
		{ED321410-9AD9-4B8B-A4FD-F0F7A78FE641}.Debug|Any CPU.Build.0 = Debug|Any CPU
		{ED321410-9AD9-4B8B-A4FD-F0F7A78FE641}.Release|Any CPU.ActiveCfg = Release|Any CPU
		{ED321410-9AD9-4B8B-A4FD-F0F7A78FE641}.Release|Any CPU.Build.0 = Release|Any CPU
		{0D960843-60F2-4D2A-9F81-8744910780E8}.Debug|Any CPU.ActiveCfg = Debug|Any CPU
		{0D960843-60F2-4D2A-9F81-8744910780E8}.Debug|Any CPU.Build.0 = Debug|Any CPU
		{0D960843-60F2-4D2A-9F81-8744910780E8}.Release|Any CPU.ActiveCfg = Release|Any CPU
		{0D960843-60F2-4D2A-9F81-8744910780E8}.Release|Any CPU.Build.0 = Release|Any CPU
		{70ECEE69-CFAA-4467-AA49-316050ACB1C3}.Debug|Any CPU.ActiveCfg = Debug|Any CPU
		{70ECEE69-CFAA-4467-AA49-316050ACB1C3}.Debug|Any CPU.Build.0 = Debug|Any CPU
		{70ECEE69-CFAA-4467-AA49-316050ACB1C3}.Release|Any CPU.ActiveCfg = Release|Any CPU
		{70ECEE69-CFAA-4467-AA49-316050ACB1C3}.Release|Any CPU.Build.0 = Release|Any CPU
		{D93C2BD8-BF06-4F8A-BE74-466E142250A9}.Debug|Any CPU.ActiveCfg = Debug|Any CPU
		{D93C2BD8-BF06-4F8A-BE74-466E142250A9}.Debug|Any CPU.Build.0 = Debug|Any CPU
		{D93C2BD8-BF06-4F8A-BE74-466E142250A9}.Release|Any CPU.ActiveCfg = Release|Any CPU
		{D93C2BD8-BF06-4F8A-BE74-466E142250A9}.Release|Any CPU.Build.0 = Release|Any CPU
		{00B19354-2B64-4D2F-AA3F-B93C3E3447AC}.Debug|Any CPU.ActiveCfg = Debug|Any CPU
		{00B19354-2B64-4D2F-AA3F-B93C3E3447AC}.Debug|Any CPU.Build.0 = Debug|Any CPU
		{00B19354-2B64-4D2F-AA3F-B93C3E3447AC}.Release|Any CPU.ActiveCfg = Release|Any CPU
		{00B19354-2B64-4D2F-AA3F-B93C3E3447AC}.Release|Any CPU.Build.0 = Release|Any CPU
		{FF6D6EF7-0D01-4CF9-9703-947867F4DCF7}.Debug|Any CPU.ActiveCfg = Debug|Any CPU
		{FF6D6EF7-0D01-4CF9-9703-947867F4DCF7}.Debug|Any CPU.Build.0 = Debug|Any CPU
		{FF6D6EF7-0D01-4CF9-9703-947867F4DCF7}.Release|Any CPU.ActiveCfg = Release|Any CPU
		{FF6D6EF7-0D01-4CF9-9703-947867F4DCF7}.Release|Any CPU.Build.0 = Release|Any CPU
	EndGlobalSection
	GlobalSection(NestedProjects) = preSolution
		{EC901678-F2E8-46C4-8CF8-AAF51BE9B1A2} = {4895B646-1E57-4608-B307-D9294DD65ECA}
		{E5863D89-72D6-4304-9D12-B1DF5BE80330} = {EC901678-F2E8-46C4-8CF8-AAF51BE9B1A2}
		{E2C39923-8949-434A-91E9-0133F4334427} = {4895B646-1E57-4608-B307-D9294DD65ECA}
		{EDE8C5CD-CE16-4A90-B699-E4C2C0F420E7} = {E2C39923-8949-434A-91E9-0133F4334427}
		{126E8E5B-D5F5-4054-AFE7-DB66622A0C09} = {4895B646-1E57-4608-B307-D9294DD65ECA}
		{427A9F29-CAA4-493E-AFB7-DB0BC050E7DD} = {126E8E5B-D5F5-4054-AFE7-DB66622A0C09}
		{E27BEE24-38EE-476E-B6E0-1E94547CFF68} = {4895B646-1E57-4608-B307-D9294DD65ECA}
		{3EF73EDC-472C-4C7C-9C1F-5A02F326ABD4} = {E27BEE24-38EE-476E-B6E0-1E94547CFF68}
		{95BD46A0-D36D-4810-9C63-C517BA147B54} = {4895B646-1E57-4608-B307-D9294DD65ECA}
		{F0EE79B2-1761-416D-9477-46E03D725FDA} = {95BD46A0-D36D-4810-9C63-C517BA147B54}
		{F53538E7-CA78-414C-B37B-9BF73615A5CE} = {95BD46A0-D36D-4810-9C63-C517BA147B54}
		{9E32AD1A-298D-4FCD-A300-A5B2EEBDBD3D} = {95BD46A0-D36D-4810-9C63-C517BA147B54}
		{9E5BD5F1-C91A-4685-954E-84BE520D8722} = {4895B646-1E57-4608-B307-D9294DD65ECA}
		{ED321410-9AD9-4B8B-A4FD-F0F7A78FE641} = {9E5BD5F1-C91A-4685-954E-84BE520D8722}
		{0D960843-60F2-4D2A-9F81-8744910780E8} = {9E5BD5F1-C91A-4685-954E-84BE520D8722}
		{9CEE7910-F771-4D1A-AAAC-737B370AF59B} = {4895B646-1E57-4608-B307-D9294DD65ECA}
		{70ECEE69-CFAA-4467-AA49-316050ACB1C3} = {9CEE7910-F771-4D1A-AAAC-737B370AF59B}
		{68B94672-EFEB-4D45-928A-7B10441F766A} = {4895B646-1E57-4608-B307-D9294DD65ECA}
		{D93C2BD8-BF06-4F8A-BE74-466E142250A9} = {68B94672-EFEB-4D45-928A-7B10441F766A}
		{C588D60A-230D-4077-82B1-560F583739B4} = {4895B646-1E57-4608-B307-D9294DD65ECA}
		{00B19354-2B64-4D2F-AA3F-B93C3E3447AC} = {C588D60A-230D-4077-82B1-560F583739B4}
		{54785516-BA38-44A3-AB83-E2372115CF3C} = {4895B646-1E57-4608-B307-D9294DD65ECA}
		{FF6D6EF7-0D01-4CF9-9703-947867F4DCF7} = {54785516-BA38-44A3-AB83-E2372115CF3C}
	EndGlobalSection
EndGlobal
